
Microsoft Visual Studio Solution File, Format Version 12.00
# Visual Studio Version 16
VisualStudioVersion = 16.0.29926.136
MinimumVisualStudioVersion = 10.0.40219.1
Project("{FAE04EC0-301F-11D3-BF4B-00C04F79EFBC}") = "DBSystem", "DBSystem.csproj", "{A0D2202A-F7B0-4428-9140-C57C4358B17F}"
EndProject
Global
	GlobalSection(SolutionConfigurationPlatforms) = preSolution
		Debug|Any CPU = Debug|Any CPU
		Release|Any CPU = Release|Any CPU
	EndGlobalSection
	GlobalSection(ProjectConfigurationPlatforms) = postSolution
		{A0D2202A-F7B0-4428-9140-C57C4358B17F}.Debug|Any CPU.ActiveCfg = Debug|Any CPU
		{A0D2202A-F7B0-4428-9140-C57C4358B17F}.Debug|Any CPU.Build.0 = Debug|Any CPU
		{A0D2202A-F7B0-4428-9140-C57C4358B17F}.Release|Any CPU.ActiveCfg = Release|Any CPU
		{A0D2202A-F7B0-4428-9140-C57C4358B17F}.Release|Any CPU.Build.0 = Release|Any CPU
	EndGlobalSection
	GlobalSection(SolutionProperties) = preSolution
		HideSolutionNode = FALSE
	EndGlobalSection
	GlobalSection(ExtensibilityGlobals) = postSolution
		SolutionGuid = {72043BB1-7BC3-4845-903C-EB8C432C5993}
	EndGlobalSection
EndGlobal
